
Microsoft Visual Studio Solution File, Format Version 12.00
# Visual Studio 14
VisualStudioVersion = 14.0.24720.0
MinimumVisualStudioVersion = 10.0.40219.1
Project("{FAE04EC0-301F-11D3-BF4B-00C04F79EFBC}") = "Sign", "Sign\Sign.csproj", "{F6498065-4222-4DBA-A4D3-768C668E62B5}"
EndProject
Project("{FAE04EC0-301F-11D3-BF4B-00C04F79EFBC}") = "Metro", "Metro\Metro.csproj", "{66C49030-4E51-4BD5-A28B-DA0AAF4CEEB1}"
EndProject
Project("{FAE04EC0-301F-11D3-BF4B-00C04F79EFBC}") = "ToPinyin", "ToPinyin\ToPinyin.csproj", "{24609663-549D-46F4-A0FE-C52DB5AABDF5}"
EndProject
Project("{6141683F-8A12-4E36-9623-2EB02B2C2303}") = "Setup1", "Setup1\Setup1.isproj", "{145859F4-CB3D-46B3-89AE-996C94FB6C29}"
EndProject
Project("{FAE04EC0-301F-11D3-BF4B-00C04F79EFBC}") = "AvalonDock", "AvalonDock\AvalonDock.csproj", "{A9E3F6FE-E632-488E-9B10-0199C3955659}"
EndProject
Project("{FAE04EC0-301F-11D3-BF4B-00C04F79EFBC}") = "Template", "Template\Template.csproj", "{E8282961-D51B-4C9E-999D-D7C743EA4051}"
EndProject
Project("{FAE04EC0-301F-11D3-BF4B-00C04F79EFBC}") = "Serial", "Serial\Serial.csproj", "{10119322-F402-410E-BD19-8CE28C87EF64}"
EndProject
Global
	GlobalSection(SolutionConfigurationPlatforms) = preSolution
		CD_ROM|Any CPU = CD_ROM|Any CPU
		CD_ROM|x86 = CD_ROM|x86
		Debug|Any CPU = Debug|Any CPU
		Debug|x86 = Debug|x86
		DVD-5|Any CPU = DVD-5|Any CPU
		DVD-5|x86 = DVD-5|x86
		Release|Any CPU = Release|Any CPU
		Release|x86 = Release|x86
		SingleImage|Any CPU = SingleImage|Any CPU
		SingleImage|x86 = SingleImage|x86
	EndGlobalSection
	GlobalSection(ProjectConfigurationPlatforms) = postSolution
		{F6498065-4222-4DBA-A4D3-768C668E62B5}.CD_ROM|Any CPU.ActiveCfg = Release|Any CPU
		{F6498065-4222-4DBA-A4D3-768C668E62B5}.CD_ROM|Any CPU.Build.0 = Release|Any CPU
		{F6498065-4222-4DBA-A4D3-768C668E62B5}.CD_ROM|x86.ActiveCfg = Release|x86
		{F6498065-4222-4DBA-A4D3-768C668E62B5}.CD_ROM|x86.Build.0 = Release|x86
		{F6498065-4222-4DBA-A4D3-768C668E62B5}.Debug|Any CPU.ActiveCfg = Debug|Any CPU
		{F6498065-4222-4DBA-A4D3-768C668E62B5}.Debug|Any CPU.Build.0 = Debug|Any CPU
		{F6498065-4222-4DBA-A4D3-768C668E62B5}.Debug|x86.ActiveCfg = Debug|x86
		{F6498065-4222-4DBA-A4D3-768C668E62B5}.Debug|x86.Build.0 = Debug|x86
		{F6498065-4222-4DBA-A4D3-768C668E62B5}.DVD-5|Any CPU.ActiveCfg = Debug|Any CPU
		{F6498065-4222-4DBA-A4D3-768C668E62B5}.DVD-5|Any CPU.Build.0 = Debug|Any CPU
		{F6498065-4222-4DBA-A4D3-768C668E62B5}.DVD-5|x86.ActiveCfg = Debug|x86
		{F6498065-4222-4DBA-A4D3-768C668E62B5}.DVD-5|x86.Build.0 = Debug|x86
		{F6498065-4222-4DBA-A4D3-768C668E62B5}.Release|Any CPU.ActiveCfg = Release|Any CPU
		{F6498065-4222-4DBA-A4D3-768C668E62B5}.Release|Any CPU.Build.0 = Release|Any CPU
		{F6498065-4222-4DBA-A4D3-768C668E62B5}.Release|x86.ActiveCfg = Release|x86
		{F6498065-4222-4DBA-A4D3-768C668E62B5}.Release|x86.Build.0 = Release|x86
		{F6498065-4222-4DBA-A4D3-768C668E62B5}.SingleImage|Any CPU.ActiveCfg = Release|Any CPU
		{F6498065-4222-4DBA-A4D3-768C668E62B5}.SingleImage|Any CPU.Build.0 = Release|Any CPU
		{F6498065-4222-4DBA-A4D3-768C668E62B5}.SingleImage|x86.ActiveCfg = Release|x86
		{F6498065-4222-4DBA-A4D3-768C668E62B5}.SingleImage|x86.Build.0 = Release|x86
		{66C49030-4E51-4BD5-A28B-DA0AAF4CEEB1}.CD_ROM|Any CPU.ActiveCfg = Release|Any CPU
		{66C49030-4E51-4BD5-A28B-DA0AAF4CEEB1}.CD_ROM|Any CPU.Build.0 = Release|Any CPU
		{66C49030-4E51-4BD5-A28B-DA0AAF4CEEB1}.CD_ROM|x86.ActiveCfg = Debug|Any CPU
		{66C49030-4E51-4BD5-A28B-DA0AAF4CEEB1}.CD_ROM|x86.Build.0 = Debug|Any CPU
		{66C49030-4E51-4BD5-A28B-DA0AAF4CEEB1}.Debug|Any CPU.ActiveCfg = Debug|Any CPU
		{66C49030-4E51-4BD5-A28B-DA0AAF4CEEB1}.Debug|Any CPU.Build.0 = Debug|Any CPU
		{66C49030-4E51-4BD5-A28B-DA0AAF4CEEB1}.Debug|x86.ActiveCfg = Debug|Any CPU
		{66C49030-4E51-4BD5-A28B-DA0AAF4CEEB1}.Debug|x86.Build.0 = Debug|Any CPU
		{66C49030-4E51-4BD5-A28B-DA0AAF4CEEB1}.DVD-5|Any CPU.ActiveCfg = Debug|Any CPU
		{66C49030-4E51-4BD5-A28B-DA0AAF4CEEB1}.DVD-5|Any CPU.Build.0 = Debug|Any CPU
		{66C49030-4E51-4BD5-A28B-DA0AAF4CEEB1}.DVD-5|x86.ActiveCfg = Debug|Any CPU
		{66C49030-4E51-4BD5-A28B-DA0AAF4CEEB1}.DVD-5|x86.Build.0 = Debug|Any CPU
		{66C49030-4E51-4BD5-A28B-DA0AAF4CEEB1}.Release|Any CPU.ActiveCfg = Release|Any CPU
		{66C49030-4E51-4BD5-A28B-DA0AAF4CEEB1}.Release|Any CPU.Build.0 = Release|Any CPU
		{66C49030-4E51-4BD5-A28B-DA0AAF4CEEB1}.Release|x86.ActiveCfg = Release|Any CPU
		{66C49030-4E51-4BD5-A28B-DA0AAF4CEEB1}.Release|x86.Build.0 = Release|Any CPU
		{66C49030-4E51-4BD5-A28B-DA0AAF4CEEB1}.SingleImage|Any CPU.ActiveCfg = Release|Any CPU
		{66C49030-4E51-4BD5-A28B-DA0AAF4CEEB1}.SingleImage|Any CPU.Build.0 = Release|Any CPU
		{66C49030-4E51-4BD5-A28B-DA0AAF4CEEB1}.SingleImage|x86.ActiveCfg = Debug|Any CPU
		{66C49030-4E51-4BD5-A28B-DA0AAF4CEEB1}.SingleImage|x86.Build.0 = Debug|Any CPU
		{24609663-549D-46F4-A0FE-C52DB5AABDF5}.CD_ROM|Any CPU.ActiveCfg = Release|Any CPU
		{24609663-549D-46F4-A0FE-C52DB5AABDF5}.CD_ROM|Any CPU.Build.0 = Release|Any CPU
		{24609663-549D-46F4-A0FE-C52DB5AABDF5}.CD_ROM|x86.ActiveCfg = Debug|Any CPU
		{24609663-549D-46F4-A0FE-C52DB5AABDF5}.CD_ROM|x86.Build.0 = Debug|Any CPU
		{24609663-549D-46F4-A0FE-C52DB5AABDF5}.Debug|Any CPU.ActiveCfg = Debug|Any CPU
		{24609663-549D-46F4-A0FE-C52DB5AABDF5}.Debug|Any CPU.Build.0 = Debug|Any CPU
		{24609663-549D-46F4-A0FE-C52DB5AABDF5}.Debug|x86.ActiveCfg = Debug|Any CPU
		{24609663-549D-46F4-A0FE-C52DB5AABDF5}.Debug|x86.Build.0 = Debug|Any CPU
		{24609663-549D-46F4-A0FE-C52DB5AABDF5}.DVD-5|Any CPU.ActiveCfg = Debug|Any CPU
		{24609663-549D-46F4-A0FE-C52DB5AABDF5}.DVD-5|Any CPU.Build.0 = Debug|Any CPU
		{24609663-549D-46F4-A0FE-C52DB5AABDF5}.DVD-5|x86.ActiveCfg = Debug|Any CPU
		{24609663-549D-46F4-A0FE-C52DB5AABDF5}.DVD-5|x86.Build.0 = Debug|Any CPU
		{24609663-549D-46F4-A0FE-C52DB5AABDF5}.Release|Any CPU.ActiveCfg = Release|Any CPU
		{24609663-549D-46F4-A0FE-C52DB5AABDF5}.Release|Any CPU.Build.0 = Release|Any CPU
		{24609663-549D-46F4-A0FE-C52DB5AABDF5}.Release|x86.ActiveCfg = Release|Any CPU
		{24609663-549D-46F4-A0FE-C52DB5AABDF5}.Release|x86.Build.0 = Release|Any CPU
		{24609663-549D-46F4-A0FE-C52DB5AABDF5}.SingleImage|Any CPU.ActiveCfg = Release|Any CPU
		{24609663-549D-46F4-A0FE-C52DB5AABDF5}.SingleImage|Any CPU.Build.0 = Release|Any CPU
		{24609663-549D-46F4-A0FE-C52DB5AABDF5}.SingleImage|x86.ActiveCfg = Debug|Any CPU
		{24609663-549D-46F4-A0FE-C52DB5AABDF5}.SingleImage|x86.Build.0 = Debug|Any CPU
		{145859F4-CB3D-46B3-89AE-996C94FB6C29}.CD_ROM|Any CPU.ActiveCfg = CD_ROM
		{145859F4-CB3D-46B3-89AE-996C94FB6C29}.CD_ROM|Any CPU.Build.0 = CD_ROM
		{145859F4-CB3D-46B3-89AE-996C94FB6C29}.CD_ROM|x86.ActiveCfg = CD_ROM
		{145859F4-CB3D-46B3-89AE-996C94FB6C29}.CD_ROM|x86.Build.0 = CD_ROM
		{145859F4-CB3D-46B3-89AE-996C94FB6C29}.Debug|Any CPU.ActiveCfg = SingleImage
		{145859F4-CB3D-46B3-89AE-996C94FB6C29}.Debug|Any CPU.Build.0 = SingleImage
		{145859F4-CB3D-46B3-89AE-996C94FB6C29}.Debug|x86.ActiveCfg = DVD-5
		{145859F4-CB3D-46B3-89AE-996C94FB6C29}.Debug|x86.Build.0 = DVD-5
		{145859F4-CB3D-46B3-89AE-996C94FB6C29}.DVD-5|Any CPU.ActiveCfg = DVD-5
		{145859F4-CB3D-46B3-89AE-996C94FB6C29}.DVD-5|Any CPU.Build.0 = DVD-5
		{145859F4-CB3D-46B3-89AE-996C94FB6C29}.DVD-5|x86.ActiveCfg = DVD-5
		{145859F4-CB3D-46B3-89AE-996C94FB6C29}.DVD-5|x86.Build.0 = DVD-5
		{145859F4-CB3D-46B3-89AE-996C94FB6C29}.Release|Any CPU.ActiveCfg = SingleImage
		{145859F4-CB3D-46B3-89AE-996C94FB6C29}.Release|Any CPU.Build.0 = SingleImage
		{145859F4-CB3D-46B3-89AE-996C94FB6C29}.Release|x86.ActiveCfg = DVD-5
		{145859F4-CB3D-46B3-89AE-996C94FB6C29}.Release|x86.Build.0 = DVD-5
		{145859F4-CB3D-46B3-89AE-996C94FB6C29}.SingleImage|Any CPU.ActiveCfg = SingleImage
		{145859F4-CB3D-46B3-89AE-996C94FB6C29}.SingleImage|Any CPU.Build.0 = SingleImage
		{145859F4-CB3D-46B3-89AE-996C94FB6C29}.SingleImage|x86.ActiveCfg = SingleImage
		{145859F4-CB3D-46B3-89AE-996C94FB6C29}.SingleImage|x86.Build.0 = SingleImage
		{A9E3F6FE-E632-488E-9B10-0199C3955659}.CD_ROM|Any CPU.ActiveCfg = Release|Any CPU
		{A9E3F6FE-E632-488E-9B10-0199C3955659}.CD_ROM|Any CPU.Build.0 = Release|Any CPU
		{A9E3F6FE-E632-488E-9B10-0199C3955659}.CD_ROM|x86.ActiveCfg = Release|Any CPU
		{A9E3F6FE-E632-488E-9B10-0199C3955659}.CD_ROM|x86.Build.0 = Release|Any CPU
		{A9E3F6FE-E632-488E-9B10-0199C3955659}.Debug|Any CPU.ActiveCfg = Debug|Any CPU
		{A9E3F6FE-E632-488E-9B10-0199C3955659}.Debug|Any CPU.Build.0 = Debug|Any CPU
		{A9E3F6FE-E632-488E-9B10-0199C3955659}.Debug|x86.ActiveCfg = Debug|Any CPU
		{A9E3F6FE-E632-488E-9B10-0199C3955659}.Debug|x86.Build.0 = Debug|Any CPU
		{A9E3F6FE-E632-488E-9B10-0199C3955659}.DVD-5|Any CPU.ActiveCfg = Debug|Any CPU
		{A9E3F6FE-E632-488E-9B10-0199C3955659}.DVD-5|Any CPU.Build.0 = Debug|Any CPU
		{A9E3F6FE-E632-488E-9B10-0199C3955659}.DVD-5|x86.ActiveCfg = Debug|Any CPU
		{A9E3F6FE-E632-488E-9B10-0199C3955659}.DVD-5|x86.Build.0 = Debug|Any CPU
		{A9E3F6FE-E632-488E-9B10-0199C3955659}.Release|Any CPU.ActiveCfg = Release|Any CPU
		{A9E3F6FE-E632-488E-9B10-0199C3955659}.Release|Any CPU.Build.0 = Release|Any CPU
		{A9E3F6FE-E632-488E-9B10-0199C3955659}.Release|x86.ActiveCfg = Release|Any CPU
		{A9E3F6FE-E632-488E-9B10-0199C3955659}.Release|x86.Build.0 = Release|Any CPU
		{A9E3F6FE-E632-488E-9B10-0199C3955659}.SingleImage|Any CPU.ActiveCfg = Release|Any CPU
		{A9E3F6FE-E632-488E-9B10-0199C3955659}.SingleImage|Any CPU.Build.0 = Release|Any CPU
		{A9E3F6FE-E632-488E-9B10-0199C3955659}.SingleImage|x86.ActiveCfg = Release|Any CPU
		{A9E3F6FE-E632-488E-9B10-0199C3955659}.SingleImage|x86.Build.0 = Release|Any CPU
		{E8282961-D51B-4C9E-999D-D7C743EA4051}.CD_ROM|Any CPU.ActiveCfg = Release|Any CPU
		{E8282961-D51B-4C9E-999D-D7C743EA4051}.CD_ROM|Any CPU.Build.0 = Release|Any CPU
		{E8282961-D51B-4C9E-999D-D7C743EA4051}.CD_ROM|x86.ActiveCfg = Release|Any CPU
		{E8282961-D51B-4C9E-999D-D7C743EA4051}.CD_ROM|x86.Build.0 = Release|Any CPU
		{E8282961-D51B-4C9E-999D-D7C743EA4051}.Debug|Any CPU.ActiveCfg = Debug|Any CPU
		{E8282961-D51B-4C9E-999D-D7C743EA4051}.Debug|Any CPU.Build.0 = Debug|Any CPU
		{E8282961-D51B-4C9E-999D-D7C743EA4051}.Debug|x86.ActiveCfg = Debug|Any CPU
		{E8282961-D51B-4C9E-999D-D7C743EA4051}.Debug|x86.Build.0 = Debug|Any CPU
		{E8282961-D51B-4C9E-999D-D7C743EA4051}.DVD-5|Any CPU.ActiveCfg = Debug|Any CPU
		{E8282961-D51B-4C9E-999D-D7C743EA4051}.DVD-5|Any CPU.Build.0 = Debug|Any CPU
		{E8282961-D51B-4C9E-999D-D7C743EA4051}.DVD-5|x86.ActiveCfg = Debug|Any CPU
		{E8282961-D51B-4C9E-999D-D7C743EA4051}.DVD-5|x86.Build.0 = Debug|Any CPU
		{E8282961-D51B-4C9E-999D-D7C743EA4051}.Release|Any CPU.ActiveCfg = Release|Any CPU
		{E8282961-D51B-4C9E-999D-D7C743EA4051}.Release|Any CPU.Build.0 = Release|Any CPU
		{E8282961-D51B-4C9E-999D-D7C743EA4051}.Release|x86.ActiveCfg = Release|Any CPU
		{E8282961-D51B-4C9E-999D-D7C743EA4051}.Release|x86.Build.0 = Release|Any CPU
		{E8282961-D51B-4C9E-999D-D7C743EA4051}.SingleImage|Any CPU.ActiveCfg = Release|Any CPU
		{E8282961-D51B-4C9E-999D-D7C743EA4051}.SingleImage|Any CPU.Build.0 = Release|Any CPU
		{E8282961-D51B-4C9E-999D-D7C743EA4051}.SingleImage|x86.ActiveCfg = Release|Any CPU
		{E8282961-D51B-4C9E-999D-D7C743EA4051}.SingleImage|x86.Build.0 = Release|Any CPU
		{10119322-F402-410E-BD19-8CE28C87EF64}.CD_ROM|Any CPU.ActiveCfg = Release|Any CPU
		{10119322-F402-410E-BD19-8CE28C87EF64}.CD_ROM|Any CPU.Build.0 = Release|Any CPU
		{10119322-F402-410E-BD19-8CE28C87EF64}.CD_ROM|x86.ActiveCfg = Release|Any CPU
		{10119322-F402-410E-BD19-8CE28C87EF64}.CD_ROM|x86.Build.0 = Release|Any CPU
		{10119322-F402-410E-BD19-8CE28C87EF64}.Debug|Any CPU.ActiveCfg = Debug|Any CPU
		{10119322-F402-410E-BD19-8CE28C87EF64}.Debug|Any CPU.Build.0 = Debug|Any CPU
		{10119322-F402-410E-BD19-8CE28C87EF64}.Debug|x86.ActiveCfg = Debug|Any CPU
		{10119322-F402-410E-BD19-8CE28C87EF64}.Debug|x86.Build.0 = Debug|Any CPU
		{10119322-F402-410E-BD19-8CE28C87EF64}.DVD-5|Any CPU.ActiveCfg = Debug|Any CPU
		{10119322-F402-410E-BD19-8CE28C87EF64}.DVD-5|Any CPU.Build.0 = Debug|Any CPU
		{10119322-F402-410E-BD19-8CE28C87EF64}.DVD-5|x86.ActiveCfg = Debug|Any CPU
		{10119322-F402-410E-BD19-8CE28C87EF64}.DVD-5|x86.Build.0 = Debug|Any CPU
		{10119322-F402-410E-BD19-8CE28C87EF64}.Release|Any CPU.ActiveCfg = Release|Any CPU
		{10119322-F402-410E-BD19-8CE28C87EF64}.Release|Any CPU.Build.0 = Release|Any CPU
		{10119322-F402-410E-BD19-8CE28C87EF64}.Release|x86.ActiveCfg = Release|Any CPU
		{10119322-F402-410E-BD19-8CE28C87EF64}.Release|x86.Build.0 = Release|Any CPU
		{10119322-F402-410E-BD19-8CE28C87EF64}.SingleImage|Any CPU.ActiveCfg = Release|Any CPU
		{10119322-F402-410E-BD19-8CE28C87EF64}.SingleImage|Any CPU.Build.0 = Release|Any CPU
		{10119322-F402-410E-BD19-8CE28C87EF64}.SingleImage|x86.ActiveCfg = Release|Any CPU
		{10119322-F402-410E-BD19-8CE28C87EF64}.SingleImage|x86.Build.0 = Release|Any CPU
	EndGlobalSection
	GlobalSection(SolutionProperties) = preSolution
		HideSolutionNode = FALSE
	EndGlobalSection
EndGlobal
